
Microsoft Visual Studio Solution File, Format Version 12.00
# Visual Studio Version 16
VisualStudioVersion = 16.0.31424.327
MinimumVisualStudioVersion = 10.0.40219.1
Project("{FAE04EC0-301F-11D3-BF4B-00C04F79EFBC}") = "aqxpov_gyak3_VersionControl", "aqxpov_gyak3_VersionControl\aqxpov_gyak3_VersionControl.csproj", "{B1C72026-FCE1-46B5-8A8E-63AA6857A5CE}"
EndProject
Global
	GlobalSection(SolutionConfigurationPlatforms) = preSolution
		Debug|Any CPU = Debug|Any CPU
		Release|Any CPU = Release|Any CPU
	EndGlobalSection
	GlobalSection(ProjectConfigurationPlatforms) = postSolution
		{B1C72026-FCE1-46B5-8A8E-63AA6857A5CE}.Debug|Any CPU.ActiveCfg = Debug|Any CPU
		{B1C72026-FCE1-46B5-8A8E-63AA6857A5CE}.Debug|Any CPU.Build.0 = Debug|Any CPU
		{B1C72026-FCE1-46B5-8A8E-63AA6857A5CE}.Release|Any CPU.ActiveCfg = Release|Any CPU
		{B1C72026-FCE1-46B5-8A8E-63AA6857A5CE}.Release|Any CPU.Build.0 = Release|Any CPU
	EndGlobalSection
	GlobalSection(SolutionProperties) = preSolution
		HideSolutionNode = FALSE
	EndGlobalSection
	GlobalSection(ExtensibilityGlobals) = postSolution
		SolutionGuid = {E2AFEEB1-1F8F-457B-ADAB-97C65574DDD3}
	EndGlobalSection
EndGlobal
